{
  "version": 4,
  "terraform_version": "1.9.5",
  "serial": 22,
  "lineage": "b7325610-5e2e-0eb0-e621-123263497c36",
  "outputs": {
    "api_url": {
      "value": "https://ml-api-bv34qnle6q-uc.a.run.app",
      "type": "string"
    }
  },
  "resources": [
    {
      "mode": "managed",
      "type": "google_artifact_registry_repository",
      "name": "docker_repo",
      "provider": "provider[\"registry.terraform.io/hashicorp/google\"]",
      "instances": [
        {
          "schema_version": 0,
          "attributes": {
            "create_time": "2025-03-06T04:50:19.878411Z",
            "description": "",
            "docker_config": [],
            "format": "DOCKER",
            "id": "projects/festive-bazaar-452803-c1/locations/us-central1/repositories/ml-llms-api",
            "kms_key_name": "",
            "labels": {},
            "location": "us-central1",
            "maven_config": [],
            "mode": "STANDARD_REPOSITORY",
            "name": "ml-llms-api",
            "project": "festive-bazaar-452803-c1",
            "remote_repository_config": [],
            "repository_id": "ml-llms-api",
            "timeouts": null,
            "update_time": "2025-03-06T04:50:19.878411Z",
            "virtual_repository_config": []
          },
          "sensitive_attributes": [],
          "private": "eyJlMmJmYjczMC1lY2FhLTExZTYtOGY4OC0zNDM2M2JjN2M0YzAiOnsiY3JlYXRlIjoxMjAwMDAwMDAwMDAwLCJkZWxldGUiOjEyMDAwMDAwMDAwMDAsInVwZGF0ZSI6MTIwMDAwMDAwMDAwMH19"
        }
      ]
    },
    {
      "mode": "managed",
      "type": "google_cloud_run_service",
      "name": "api_service",
      "provider": "provider[\"registry.terraform.io/hashicorp/google\"]",
      "instances": [
        {
          "schema_version": 1,
          "attributes": {
            "autogenerate_revision_name": false,
            "id": "locations/us-central1/namespaces/festive-bazaar-452803-c1/services/ml-api",
            "location": "us-central1",
            "metadata": [
              {
                "annotations": {
                  "run.googleapis.com/ingress": "all",
                  "run.googleapis.com/ingress-status": "all",
                  "run.googleapis.com/operation-id": "c146f1f3-f048-41b2-81ee-37ece6b7b6c4",
                  "run.googleapis.com/urls": "[\"https://ml-api-821263506101.us-central1.run.app\",\"https://ml-api-bv34qnle6q-uc.a.run.app\"]",
                  "serving.knative.dev/creator": "deploy@festive-bazaar-452803-c1.iam.gserviceaccount.com",
                  "serving.knative.dev/lastModifier": "deploy@festive-bazaar-452803-c1.iam.gserviceaccount.com"
                },
                "generation": 1,
                "labels": {
                  "cloud.googleapis.com/location": "us-central1"
                },
                "namespace": "festive-bazaar-452803-c1",
                "resource_version": "AAYvpamxPso",
                "self_link": "/apis/serving.knative.dev/v1/namespaces/821263506101/services/ml-api",
                "uid": "c25f34bf-f32f-4f7a-836c-717d72cbf3c2"
              }
            ],
            "name": "ml-api",
            "project": "festive-bazaar-452803-c1",
            "status": [
              {
                "conditions": [
                  {
                    "message": "",
                    "reason": "",
                    "status": "True",
                    "type": "Ready"
                  },
                  {
                    "message": "",
                    "reason": "",
                    "status": "True",
                    "type": "ConfigurationsReady"
                  },
                  {
                    "message": "",
                    "reason": "",
                    "status": "True",
                    "type": "RoutesReady"
                  }
                ],
                "latest_created_revision_name": "ml-api-00001-qm6",
                "latest_ready_revision_name": "ml-api-00001-qm6",
                "observed_generation": 1,
                "traffic": [
                  {
                    "latest_revision": true,
                    "percent": 100,
                    "revision_name": "ml-api-00001-qm6",
                    "tag": "",
                    "url": ""
                  }
                ],
                "url": "https://ml-api-bv34qnle6q-uc.a.run.app"
              }
            ],
            "template": [
              {
                "metadata": [
                  {
                    "annotations": {
                      "autoscaling.knative.dev/maxScale": "3"
                    },
                    "generation": 0,
                    "labels": {
                      "run.googleapis.com/startupProbeType": "Default"
                    },
                    "name": "",
                    "namespace": "",
                    "resource_version": "",
                    "self_link": "",
                    "uid": ""
                  }
                ],
                "spec": [
                  {
                    "container_concurrency": 80,
                    "containers": [
                      {
                        "args": null,
                        "command": null,
                        "env": [],
                        "env_from": [],
                        "image": "gcr.io/festive-bazaar-452803-c1/ml-api:latest",
                        "liveness_probe": [],
                        "name": "",
                        "ports": [
                          {
                            "container_port": 8080,
                            "name": "http1",
                            "protocol": ""
                          }
                        ],
                        "resources": [
                          {
                            "limits": {
                              "cpu": "1000m",
                              "memory": "512Mi"
                            },
                            "requests": {}
                          }
                        ],
                        "startup_probe": [
                          {
                            "failure_threshold": 1,
                            "grpc": [],
                            "http_get": [],
                            "initial_delay_seconds": 0,
                            "period_seconds": 240,
                            "tcp_socket": [
                              {
                                "port": 8080
                              }
                            ],
                            "timeout_seconds": 240
                          }
                        ],
                        "volume_mounts": [],
                        "working_dir": ""
                      }
                    ],
                    "service_account_name": "821263506101-compute@developer.gserviceaccount.com",
                    "serving_state": "",
                    "timeout_seconds": 300,
                    "volumes": []
                  }
                ]
              }
            ],
            "timeouts": null,
            "traffic": [
              {
                "latest_revision": true,
                "percent": 100,
                "revision_name": "",
                "tag": "",
                "url": ""
              }
            ]
          },
          "sensitive_attributes": [],
          "private": "eyJlMmJmYjczMC1lY2FhLTExZTYtOGY4OC0zNDM2M2JjN2M0YzAiOnsiY3JlYXRlIjoxMjAwMDAwMDAwMDAwLCJkZWxldGUiOjEyMDAwMDAwMDAwMDAsInVwZGF0ZSI6MTIwMDAwMDAwMDAwMH0sInNjaGVtYV92ZXJzaW9uIjoiMSJ9"
        }
      ]
    },
    {
      "mode": "managed",
      "type": "google_cloud_run_service_iam_policy",
      "name": "public_access",
      "provider": "provider[\"registry.terraform.io/hashicorp/google\"]",
      "instances": [
        {
          "schema_version": 0,
          "attributes": {
            "etag": "BwYvpang64Y=",
            "id": "v1/projects/festive-bazaar-452803-c1/locations/us-central1/services/ml-api",
            "location": "us-central1",
            "policy_data": "{\"bindings\":[{\"members\":[\"allUsers\"],\"role\":\"roles/run.invoker\"}]}",
            "project": "festive-bazaar-452803-c1",
            "service": "v1/projects/festive-bazaar-452803-c1/locations/us-central1/services/ml-api"
          },
          "sensitive_attributes": [],
          "private": "bnVsbA==",
          "dependencies": [
            "google_cloud_run_service.api_service"
          ]
        }
      ]
    }
  ],
  "check_results": null
}
